
Microsoft Visual Studio Solution File, Format Version 12.00
# Visual Studio Version 16
VisualStudioVersion = 16.0.32901.82
MinimumVisualStudioVersion = 10.0.40219.1
Project("{9A19103F-16F7-4668-BE54-9A1E7A4F7556}") = "PocApi.API", "PocApi.API\PocApi.API.csproj", "{6A0812DC-FF2E-49FB-8EF2-E8F2265542AC}"
EndProject
Project("{9A19103F-16F7-4668-BE54-9A1E7A4F7556}") = "PocApi.Aplicacao", "PocApi.Aplicacao\PocApi.Aplicacao.csproj", "{E39029DB-1590-463A-BF60-A7E5DF972EAA}"
EndProject
Project("{9A19103F-16F7-4668-BE54-9A1E7A4F7556}") = "PocApi.Data", "PocApi.Data\PocApi.Data.csproj", "{F5BE624C-71D1-4372-9044-AE7C26657B5A}"
EndProject
Project("{9A19103F-16F7-4668-BE54-9A1E7A4F7556}") = "PocApi.Compartilhado", "PocApi.Compartilhado\PocApi.Compartilhado.csproj", "{0262BAF4-1653-4F89-AF99-B7B9076C87F8}"
EndProject
Project("{9A19103F-16F7-4668-BE54-9A1E7A4F7556}") = "PocApi.Negocios", "PocApi.Negocios\PocApi.Negocios.csproj", "{F8DA7C5C-E00B-4716-A307-31B2EF25C6FA}"
EndProject
Project("{9A19103F-16F7-4668-BE54-9A1E7A4F7556}") = "PocApi.Entidades", "Entidades\PocApi.Entidades.csproj", "{788BE1CB-2E6B-487D-B901-ED30FACF21A1}"
EndProject
Project("{9A19103F-16F7-4668-BE54-9A1E7A4F7556}") = "PocApi.Utils", "PocApi.Utils\PocApi.Utils.csproj", "{D849F8FA-AD5D-40A0-A77A-ABABAF885E87}"
EndProject
Project("{9A19103F-16F7-4668-BE54-9A1E7A4F7556}") = "PocAPI.WPF", "PocAPI.WPF\PocAPI.WPF.csproj", "{25462CCD-B50D-498D-8654-08DB452AE93B}"
EndProject
Project("{9A19103F-16F7-4668-BE54-9A1E7A4F7556}") = "PocAPI.ClienteAPI", "PocAPI.ClienteAPI\PocAPI.ClienteAPI.csproj", "{3EFB1E70-A510-47D1-8457-65CFA81ECACD}"
EndProject
Project("{FAE04EC0-301F-11D3-BF4B-00C04F79EFBC}") = "Poc.API.TestesDeUnidade", "Poc.API.TestesDeUnidade\Poc.API.TestesDeUnidade.csproj", "{6E1A134F-4FE6-4B41-8397-D6846FFB750E}"
EndProject
Global
	GlobalSection(SolutionConfigurationPlatforms) = preSolution
		Debug|Any CPU = Debug|Any CPU
		Release|Any CPU = Release|Any CPU
	EndGlobalSection
	GlobalSection(ProjectConfigurationPlatforms) = postSolution
		{6A0812DC-FF2E-49FB-8EF2-E8F2265542AC}.Debug|Any CPU.ActiveCfg = Debug|Any CPU
		{6A0812DC-FF2E-49FB-8EF2-E8F2265542AC}.Debug|Any CPU.Build.0 = Debug|Any CPU
		{6A0812DC-FF2E-49FB-8EF2-E8F2265542AC}.Release|Any CPU.ActiveCfg = Release|Any CPU
		{6A0812DC-FF2E-49FB-8EF2-E8F2265542AC}.Release|Any CPU.Build.0 = Release|Any CPU
		{E39029DB-1590-463A-BF60-A7E5DF972EAA}.Debug|Any CPU.ActiveCfg = Debug|Any CPU
		{E39029DB-1590-463A-BF60-A7E5DF972EAA}.Debug|Any CPU.Build.0 = Debug|Any CPU
		{E39029DB-1590-463A-BF60-A7E5DF972EAA}.Release|Any CPU.ActiveCfg = Release|Any CPU
		{E39029DB-1590-463A-BF60-A7E5DF972EAA}.Release|Any CPU.Build.0 = Release|Any CPU
		{F5BE624C-71D1-4372-9044-AE7C26657B5A}.Debug|Any CPU.ActiveCfg = Debug|Any CPU
		{F5BE624C-71D1-4372-9044-AE7C26657B5A}.Debug|Any CPU.Build.0 = Debug|Any CPU
		{F5BE624C-71D1-4372-9044-AE7C26657B5A}.Release|Any CPU.ActiveCfg = Release|Any CPU
		{F5BE624C-71D1-4372-9044-AE7C26657B5A}.Release|Any CPU.Build.0 = Release|Any CPU
		{0262BAF4-1653-4F89-AF99-B7B9076C87F8}.Debug|Any CPU.ActiveCfg = Debug|Any CPU
		{0262BAF4-1653-4F89-AF99-B7B9076C87F8}.Debug|Any CPU.Build.0 = Debug|Any CPU
		{0262BAF4-1653-4F89-AF99-B7B9076C87F8}.Release|Any CPU.ActiveCfg = Release|Any CPU
		{0262BAF4-1653-4F89-AF99-B7B9076C87F8}.Release|Any CPU.Build.0 = Release|Any CPU
		{F8DA7C5C-E00B-4716-A307-31B2EF25C6FA}.Debug|Any CPU.ActiveCfg = Debug|Any CPU
		{F8DA7C5C-E00B-4716-A307-31B2EF25C6FA}.Debug|Any CPU.Build.0 = Debug|Any CPU
		{F8DA7C5C-E00B-4716-A307-31B2EF25C6FA}.Release|Any CPU.ActiveCfg = Release|Any CPU
		{F8DA7C5C-E00B-4716-A307-31B2EF25C6FA}.Release|Any CPU.Build.0 = Release|Any CPU
		{788BE1CB-2E6B-487D-B901-ED30FACF21A1}.Debug|Any CPU.ActiveCfg = Debug|Any CPU
		{788BE1CB-2E6B-487D-B901-ED30FACF21A1}.Debug|Any CPU.Build.0 = Debug|Any CPU
		{788BE1CB-2E6B-487D-B901-ED30FACF21A1}.Release|Any CPU.ActiveCfg = Release|Any CPU
		{788BE1CB-2E6B-487D-B901-ED30FACF21A1}.Release|Any CPU.Build.0 = Release|Any CPU
		{D849F8FA-AD5D-40A0-A77A-ABABAF885E87}.Debug|Any CPU.ActiveCfg = Debug|Any CPU
		{D849F8FA-AD5D-40A0-A77A-ABABAF885E87}.Debug|Any CPU.Build.0 = Debug|Any CPU
		{D849F8FA-AD5D-40A0-A77A-ABABAF885E87}.Release|Any CPU.ActiveCfg = Release|Any CPU
		{D849F8FA-AD5D-40A0-A77A-ABABAF885E87}.Release|Any CPU.Build.0 = Release|Any CPU
		{25462CCD-B50D-498D-8654-08DB452AE93B}.Debug|Any CPU.ActiveCfg = Debug|Any CPU
		{25462CCD-B50D-498D-8654-08DB452AE93B}.Debug|Any CPU.Build.0 = Debug|Any CPU
		{25462CCD-B50D-498D-8654-08DB452AE93B}.Release|Any CPU.ActiveCfg = Release|Any CPU
		{25462CCD-B50D-498D-8654-08DB452AE93B}.Release|Any CPU.Build.0 = Release|Any CPU
		{3EFB1E70-A510-47D1-8457-65CFA81ECACD}.Debug|Any CPU.ActiveCfg = Debug|Any CPU
		{3EFB1E70-A510-47D1-8457-65CFA81ECACD}.Debug|Any CPU.Build.0 = Debug|Any CPU
		{3EFB1E70-A510-47D1-8457-65CFA81ECACD}.Release|Any CPU.ActiveCfg = Release|Any CPU
		{3EFB1E70-A510-47D1-8457-65CFA81ECACD}.Release|Any CPU.Build.0 = Release|Any CPU
		{6E1A134F-4FE6-4B41-8397-D6846FFB750E}.Debug|Any CPU.ActiveCfg = Debug|Any CPU
		{6E1A134F-4FE6-4B41-8397-D6846FFB750E}.Debug|Any CPU.Build.0 = Debug|Any CPU
		{6E1A134F-4FE6-4B41-8397-D6846FFB750E}.Release|Any CPU.ActiveCfg = Release|Any CPU
		{6E1A134F-4FE6-4B41-8397-D6846FFB750E}.Release|Any CPU.Build.0 = Release|Any CPU
	EndGlobalSection
	GlobalSection(SolutionProperties) = preSolution
		HideSolutionNode = FALSE
	EndGlobalSection
	GlobalSection(ExtensibilityGlobals) = postSolution
		SolutionGuid = {9678EA07-7820-4ACF-A7C6-0A6AF8507B94}
	EndGlobalSection
EndGlobal
